
Microsoft Visual Studio Solution File, Format Version 12.00
# Visual Studio Version 16
VisualStudioVersion = 16.0.30717.126
MinimumVisualStudioVersion = 10.0.40219.1
Project("{FAE04EC0-301F-11D3-BF4B-00C04F79EFBC}") = "minNumber", "minNumber.csproj", "{192EC0AA-B910-4A08-AA31-DF72AFFA4E9D}"
EndProject
Project("{FAE04EC0-301F-11D3-BF4B-00C04F79EFBC}") = "digitsNumbers", "..\digitsNumbers\digitsNumbers.csproj", "{C90AFA45-0A14-4CF1-8BDB-BF2D05C198C7}"
EndProject
Project("{FAE04EC0-301F-11D3-BF4B-00C04F79EFBC}") = "Summ", "..\Summ\Summ.csproj", "{579CB02B-2109-4E22-B040-0A5470F6DF27}"
EndProject
Project("{FAE04EC0-301F-11D3-BF4B-00C04F79EFBC}") = "authentication", "..\authentication\authentication.csproj", "{64245AAB-E07B-41D4-A57A-B25348A66149}"
EndProject
Project("{FAE04EC0-301F-11D3-BF4B-00C04F79EFBC}") = "IBM", "..\IBM\IBM.csproj", "{E0A3BA2A-8C94-4CD1-8CC1-E77E5CF1B095}"
EndProject
Global
	GlobalSection(SolutionConfigurationPlatforms) = preSolution
		Debug|Any CPU = Debug|Any CPU
		Release|Any CPU = Release|Any CPU
	EndGlobalSection
	GlobalSection(ProjectConfigurationPlatforms) = postSolution
		{192EC0AA-B910-4A08-AA31-DF72AFFA4E9D}.Debug|Any CPU.ActiveCfg = Debug|Any CPU
		{192EC0AA-B910-4A08-AA31-DF72AFFA4E9D}.Debug|Any CPU.Build.0 = Debug|Any CPU
		{192EC0AA-B910-4A08-AA31-DF72AFFA4E9D}.Release|Any CPU.ActiveCfg = Release|Any CPU
		{192EC0AA-B910-4A08-AA31-DF72AFFA4E9D}.Release|Any CPU.Build.0 = Release|Any CPU
		{C90AFA45-0A14-4CF1-8BDB-BF2D05C198C7}.Debug|Any CPU.ActiveCfg = Debug|Any CPU
		{C90AFA45-0A14-4CF1-8BDB-BF2D05C198C7}.Debug|Any CPU.Build.0 = Debug|Any CPU
		{C90AFA45-0A14-4CF1-8BDB-BF2D05C198C7}.Release|Any CPU.ActiveCfg = Release|Any CPU
		{C90AFA45-0A14-4CF1-8BDB-BF2D05C198C7}.Release|Any CPU.Build.0 = Release|Any CPU
		{579CB02B-2109-4E22-B040-0A5470F6DF27}.Debug|Any CPU.ActiveCfg = Debug|Any CPU
		{579CB02B-2109-4E22-B040-0A5470F6DF27}.Debug|Any CPU.Build.0 = Debug|Any CPU
		{579CB02B-2109-4E22-B040-0A5470F6DF27}.Release|Any CPU.ActiveCfg = Release|Any CPU
		{579CB02B-2109-4E22-B040-0A5470F6DF27}.Release|Any CPU.Build.0 = Release|Any CPU
		{64245AAB-E07B-41D4-A57A-B25348A66149}.Debug|Any CPU.ActiveCfg = Debug|Any CPU
		{64245AAB-E07B-41D4-A57A-B25348A66149}.Debug|Any CPU.Build.0 = Debug|Any CPU
		{64245AAB-E07B-41D4-A57A-B25348A66149}.Release|Any CPU.ActiveCfg = Release|Any CPU
		{64245AAB-E07B-41D4-A57A-B25348A66149}.Release|Any CPU.Build.0 = Release|Any CPU
		{E0A3BA2A-8C94-4CD1-8CC1-E77E5CF1B095}.Debug|Any CPU.ActiveCfg = Debug|Any CPU
		{E0A3BA2A-8C94-4CD1-8CC1-E77E5CF1B095}.Debug|Any CPU.Build.0 = Debug|Any CPU
		{E0A3BA2A-8C94-4CD1-8CC1-E77E5CF1B095}.Release|Any CPU.ActiveCfg = Release|Any CPU
		{E0A3BA2A-8C94-4CD1-8CC1-E77E5CF1B095}.Release|Any CPU.Build.0 = Release|Any CPU
	EndGlobalSection
	GlobalSection(SolutionProperties) = preSolution
		HideSolutionNode = FALSE
	EndGlobalSection
	GlobalSection(ExtensibilityGlobals) = postSolution
		SolutionGuid = {4DB58BF1-3217-4D75-9409-8C7A4D35074E}
	EndGlobalSection
EndGlobal
